// !$*UTF8*$!
{
	archiveVersion = 1;
	classes = {
	};
	objectVersion = 46;
	objects = {

/* Begin PBXBuildFile section */
		9041906614A1A19732ED5150 /* Pods_lib.framework in Frameworks */ = {isa = PBXBuildFile; fileRef = E35CD20E2132F864F10654AE /* Pods_lib.framework */; settings = {ATTRIBUTES = (Weak, ); }; };
		E0312D2D1B5DBC5E00E788DE /* main.swift in Sources */ = {isa = PBXBuildFile; fileRef = E0312D2C1B5DBC5E00E788DE /* main.swift */; };
		E0312D331B5DBD0400E788DE /* SDK.swift in Sources */ = {isa = PBXBuildFile; fileRef = E0312D321B5DBD0400E788DE /* SDK.swift */; };
		E0312D351B5DBD3100E788DE /* Platform.swift in Sources */ = {isa = PBXBuildFile; fileRef = E0312D341B5DBD3100E788DE /* Platform.swift */; };
		E0312D371B5DBD3800E788DE /* Auth.swift in Sources */ = {isa = PBXBuildFile; fileRef = E0312D361B5DBD3800E788DE /* Auth.swift */; };
		E0312D391B5DBDC600E788DE /* Request.swift in Sources */ = {isa = PBXBuildFile; fileRef = E0312D381B5DBDC600E788DE /* Request.swift */; };
		E0312D3B1B5DBDCF00E788DE /* Headers.swift in Sources */ = {isa = PBXBuildFile; fileRef = E0312D3A1B5DBDCF00E788DE /* Headers.swift */; };
		E0312D3D1B5DBDD700E788DE /* Response.swift in Sources */ = {isa = PBXBuildFile; fileRef = E0312D3C1B5DBDD700E788DE /* Response.swift */; };
		E0312D3F1B5DBE0E00E788DE /* Subscription.swift in Sources */ = {isa = PBXBuildFile; fileRef = E0312D3E1B5DBE0E00E788DE /* Subscription.swift */; };
		E0B66B171B72EAC700A8EB7F /* AES.swift in Sources */ = {isa = PBXBuildFile; fileRef = E0B66AF91B72EAC700A8EB7F /* AES.swift */; };
		E0B66B181B72EAC700A8EB7F /* ArrayExtension.swift in Sources */ = {isa = PBXBuildFile; fileRef = E0B66AFA1B72EAC700A8EB7F /* ArrayExtension.swift */; };
		E0B66B191B72EAC700A8EB7F /* Authenticator.swift in Sources */ = {isa = PBXBuildFile; fileRef = E0B66AFB1B72EAC700A8EB7F /* Authenticator.swift */; };
		E0B66B1A1B72EAC700A8EB7F /* BitExtension.swift in Sources */ = {isa = PBXBuildFile; fileRef = E0B66AFC1B72EAC700A8EB7F /* BitExtension.swift */; };
		E0B66B1B1B72EAC700A8EB7F /* ChaCha20.swift in Sources */ = {isa = PBXBuildFile; fileRef = E0B66AFD1B72EAC700A8EB7F /* ChaCha20.swift */; };
		E0B66B1C1B72EAC700A8EB7F /* Cipher.swift in Sources */ = {isa = PBXBuildFile; fileRef = E0B66AFE1B72EAC700A8EB7F /* Cipher.swift */; };
		E0B66B1D1B72EAC700A8EB7F /* CipherBlockMode.swift in Sources */ = {isa = PBXBuildFile; fileRef = E0B66AFF1B72EAC700A8EB7F /* CipherBlockMode.swift */; };
		E0B66B1E1B72EAC700A8EB7F /* CRC.swift in Sources */ = {isa = PBXBuildFile; fileRef = E0B66B001B72EAC700A8EB7F /* CRC.swift */; };
		E0B66B1F1B72EAC700A8EB7F /* Generics.swift in Sources */ = {isa = PBXBuildFile; fileRef = E0B66B011B72EAC700A8EB7F /* Generics.swift */; };
		E0B66B201B72EAC700A8EB7F /* Hash.swift in Sources */ = {isa = PBXBuildFile; fileRef = E0B66B021B72EAC700A8EB7F /* Hash.swift */; };
		E0B66B211B72EAC700A8EB7F /* HashBase.swift in Sources */ = {isa = PBXBuildFile; fileRef = E0B66B031B72EAC700A8EB7F /* HashBase.swift */; };
		E0B66B221B72EAC700A8EB7F /* HMAC.swift in Sources */ = {isa = PBXBuildFile; fileRef = E0B66B041B72EAC700A8EB7F /* HMAC.swift */; };
		E0B66B231B72EAC700A8EB7F /* IntegerConvertible.swift in Sources */ = {isa = PBXBuildFile; fileRef = E0B66B051B72EAC700A8EB7F /* IntegerConvertible.swift */; };
		E0B66B241B72EAC700A8EB7F /* IntExtension.swift in Sources */ = {isa = PBXBuildFile; fileRef = E0B66B061B72EAC700A8EB7F /* IntExtension.swift */; };
		E0B66B261B72EAC700A8EB7F /* MD5.swift in Sources */ = {isa = PBXBuildFile; fileRef = E0B66B081B72EAC700A8EB7F /* MD5.swift */; };
		E0B66B271B72EAC700A8EB7F /* NSDataExtension.swift in Sources */ = {isa = PBXBuildFile; fileRef = E0B66B091B72EAC700A8EB7F /* NSDataExtension.swift */; };
		E0B66B281B72EAC700A8EB7F /* Operators.swift in Sources */ = {isa = PBXBuildFile; fileRef = E0B66B0A1B72EAC700A8EB7F /* Operators.swift */; };
		E0B66B291B72EAC700A8EB7F /* Padding.swift in Sources */ = {isa = PBXBuildFile; fileRef = E0B66B0B1B72EAC700A8EB7F /* Padding.swift */; };
		E0B66B2A1B72EAC700A8EB7F /* PKCS5.swift in Sources */ = {isa = PBXBuildFile; fileRef = E0B66B0C1B72EAC700A8EB7F /* PKCS5.swift */; };
		E0B66B2B1B72EAC700A8EB7F /* PKCS7.swift in Sources */ = {isa = PBXBuildFile; fileRef = E0B66B0D1B72EAC700A8EB7F /* PKCS7.swift */; };
		E0B66B2C1B72EAC700A8EB7F /* Poly1305.swift in Sources */ = {isa = PBXBuildFile; fileRef = E0B66B0E1B72EAC700A8EB7F /* Poly1305.swift */; };
		E0B66B2D1B72EAC700A8EB7F /* SHA1.swift in Sources */ = {isa = PBXBuildFile; fileRef = E0B66B0F1B72EAC700A8EB7F /* SHA1.swift */; };
		E0B66B2E1B72EAC700A8EB7F /* SHA2.swift in Sources */ = {isa = PBXBuildFile; fileRef = E0B66B101B72EAC700A8EB7F /* SHA2.swift */; };
		E0B66B2F1B72EAC700A8EB7F /* StringExtension.swift in Sources */ = {isa = PBXBuildFile; fileRef = E0B66B111B72EAC700A8EB7F /* StringExtension.swift */; };
		E0B66B301B72EAC700A8EB7F /* UInt16Extension.swift in Sources */ = {isa = PBXBuildFile; fileRef = E0B66B121B72EAC700A8EB7F /* UInt16Extension.swift */; };
		E0B66B311B72EAC700A8EB7F /* UInt32Extension.swift in Sources */ = {isa = PBXBuildFile; fileRef = E0B66B131B72EAC700A8EB7F /* UInt32Extension.swift */; };
		E0B66B321B72EAC700A8EB7F /* UInt64Extension.swift in Sources */ = {isa = PBXBuildFile; fileRef = E0B66B141B72EAC700A8EB7F /* UInt64Extension.swift */; };
		E0B66B331B72EAC700A8EB7F /* UInt8Extension.swift in Sources */ = {isa = PBXBuildFile; fileRef = E0B66B151B72EAC700A8EB7F /* UInt8Extension.swift */; };
		E0B66B341B72EAC700A8EB7F /* Utils.swift in Sources */ = {isa = PBXBuildFile; fileRef = E0B66B161B72EAC700A8EB7F /* Utils.swift */; };
/* End PBXBuildFile section */

/* Begin PBXCopyFilesBuildPhase section */
		E0B66A681B72E30900A8EB7F /* Copy Files */ = {
			isa = PBXCopyFilesBuildPhase;
			buildActionMask = 2147483647;
			dstPath = "";
			dstSubfolderSpec = 7;
			files = (
			);
			name = "Copy Files";
			runOnlyForDeploymentPostprocessing = 0;
		};
/* End PBXCopyFilesBuildPhase section */

/* Begin PBXFileReference section */
		31FD951EA9CEB906DC6D8CB2 /* Pods-lib.debug.xcconfig */ = {isa = PBXFileReference; includeInIndex = 1; lastKnownFileType = text.xcconfig; name = "Pods-lib.debug.xcconfig"; path = "Pods/Target Support Files/Pods-lib/Pods-lib.debug.xcconfig"; sourceTree = "<group>"; };
		BAA7AC6EABF4A72AE237659A /* Pods-lib.release.xcconfig */ = {isa = PBXFileReference; includeInIndex = 1; lastKnownFileType = text.xcconfig; name = "Pods-lib.release.xcconfig"; path = "Pods/Target Support Files/Pods-lib/Pods-lib.release.xcconfig"; sourceTree = "<group>"; };
		E0312D221B5DBC4100E788DE /* lib */ = {isa = PBXFileReference; explicitFileType = "compiled.mach-o.executable"; includeInIndex = 0; path = lib; sourceTree = BUILT_PRODUCTS_DIR; };
		E0312D2C1B5DBC5E00E788DE /* main.swift */ = {isa = PBXFileReference; fileEncoding = 4; lastKnownFileType = sourcecode.swift; path = main.swift; sourceTree = "<group>"; };
		E0312D321B5DBD0400E788DE /* SDK.swift */ = {isa = PBXFileReference; fileEncoding = 4; lastKnownFileType = sourcecode.swift; path = SDK.swift; sourceTree = "<group>"; };
		E0312D341B5DBD3100E788DE /* Platform.swift */ = {isa = PBXFileReference; fileEncoding = 4; lastKnownFileType = sourcecode.swift; path = Platform.swift; sourceTree = "<group>"; };
		E0312D361B5DBD3800E788DE /* Auth.swift */ = {isa = PBXFileReference; fileEncoding = 4; lastKnownFileType = sourcecode.swift; path = Auth.swift; sourceTree = "<group>"; };
		E0312D381B5DBDC600E788DE /* Request.swift */ = {isa = PBXFileReference; fileEncoding = 4; lastKnownFileType = sourcecode.swift; path = Request.swift; sourceTree = "<group>"; };
		E0312D3A1B5DBDCF00E788DE /* Headers.swift */ = {isa = PBXFileReference; fileEncoding = 4; lastKnownFileType = sourcecode.swift; path = Headers.swift; sourceTree = "<group>"; };
		E0312D3C1B5DBDD700E788DE /* Response.swift */ = {isa = PBXFileReference; fileEncoding = 4; lastKnownFileType = sourcecode.swift; path = Response.swift; sourceTree = "<group>"; };
		E0312D3E1B5DBE0E00E788DE /* Subscription.swift */ = {isa = PBXFileReference; fileEncoding = 4; lastKnownFileType = sourcecode.swift; path = Subscription.swift; sourceTree = "<group>"; };
		E0ADEDC61B69A548009ADB8F /* lib-Bridging-Header.h */ = {isa = PBXFileReference; lastKnownFileType = sourcecode.c.h; path = "lib-Bridging-Header.h"; sourceTree = "<group>"; };
		E0B66A641B72E2A600A8EB7F /* CryptoTokenKit.framework */ = {isa = PBXFileReference; lastKnownFileType = wrapper.framework; name = CryptoTokenKit.framework; path = System/Library/Frameworks/CryptoTokenKit.framework; sourceTree = SDKROOT; };
		E0B66A661B72E2BD00A8EB7F /* CryptoSwift.framework */ = {isa = PBXFileReference; lastKnownFileType = wrapper.framework; name = CryptoSwift.framework; path = "../../../Library/Developer/Xcode/DerivedData/lib-gcqzleazyubhgqekdwrdragwauor/Build/Products/Debug/CryptoSwift.framework"; sourceTree = "<group>"; };
		E0B66AF91B72EAC700A8EB7F /* AES.swift */ = {isa = PBXFileReference; fileEncoding = 4; lastKnownFileType = sourcecode.swift; path = AES.swift; sourceTree = "<group>"; };
		E0B66AFA1B72EAC700A8EB7F /* ArrayExtension.swift */ = {isa = PBXFileReference; fileEncoding = 4; lastKnownFileType = sourcecode.swift; path = ArrayExtension.swift; sourceTree = "<group>"; };
		E0B66AFB1B72EAC700A8EB7F /* Authenticator.swift */ = {isa = PBXFileReference; fileEncoding = 4; lastKnownFileType = sourcecode.swift; path = Authenticator.swift; sourceTree = "<group>"; };
		E0B66AFC1B72EAC700A8EB7F /* BitExtension.swift */ = {isa = PBXFileReference; fileEncoding = 4; lastKnownFileType = sourcecode.swift; path = BitExtension.swift; sourceTree = "<group>"; };
		E0B66AFD1B72EAC700A8EB7F /* ChaCha20.swift */ = {isa = PBXFileReference; fileEncoding = 4; lastKnownFileType = sourcecode.swift; path = ChaCha20.swift; sourceTree = "<group>"; };
		E0B66AFE1B72EAC700A8EB7F /* Cipher.swift */ = {isa = PBXFileReference; fileEncoding = 4; lastKnownFileType = sourcecode.swift; path = Cipher.swift; sourceTree = "<group>"; };
		E0B66AFF1B72EAC700A8EB7F /* CipherBlockMode.swift */ = {isa = PBXFileReference; fileEncoding = 4; lastKnownFileType = sourcecode.swift; path = CipherBlockMode.swift; sourceTree = "<group>"; };
		E0B66B001B72EAC700A8EB7F /* CRC.swift */ = {isa = PBXFileReference; fileEncoding = 4; lastKnownFileType = sourcecode.swift; path = CRC.swift; sourceTree = "<group>"; };
		E0B66B011B72EAC700A8EB7F /* Generics.swift */ = {isa = PBXFileReference; fileEncoding = 4; lastKnownFileType = sourcecode.swift; path = Generics.swift; sourceTree = "<group>"; };
		E0B66B021B72EAC700A8EB7F /* Hash.swift */ = {isa = PBXFileReference; fileEncoding = 4; lastKnownFileType = sourcecode.swift; path = Hash.swift; sourceTree = "<group>"; };
		E0B66B031B72EAC700A8EB7F /* HashBase.swift */ = {isa = PBXFileReference; fileEncoding = 4; lastKnownFileType = sourcecode.swift; path = HashBase.swift; sourceTree = "<group>"; };
		E0B66B041B72EAC700A8EB7F /* HMAC.swift */ = {isa = PBXFileReference; fileEncoding = 4; lastKnownFileType = sourcecode.swift; path = HMAC.swift; sourceTree = "<group>"; };
		E0B66B051B72EAC700A8EB7F /* IntegerConvertible.swift */ = {isa = PBXFileReference; fileEncoding = 4; lastKnownFileType = sourcecode.swift; path = IntegerConvertible.swift; sourceTree = "<group>"; };
		E0B66B061B72EAC700A8EB7F /* IntExtension.swift */ = {isa = PBXFileReference; fileEncoding = 4; lastKnownFileType = sourcecode.swift; path = IntExtension.swift; sourceTree = "<group>"; };
		E0B66B081B72EAC700A8EB7F /* MD5.swift */ = {isa = PBXFileReference; fileEncoding = 4; lastKnownFileType = sourcecode.swift; path = MD5.swift; sourceTree = "<group>"; };
		E0B66B091B72EAC700A8EB7F /* NSDataExtension.swift */ = {isa = PBXFileReference; fileEncoding = 4; lastKnownFileType = sourcecode.swift; path = NSDataExtension.swift; sourceTree = "<group>"; };
		E0B66B0A1B72EAC700A8EB7F /* Operators.swift */ = {isa = PBXFileReference; fileEncoding = 4; lastKnownFileType = sourcecode.swift; path = Operators.swift; sourceTree = "<group>"; };
		E0B66B0B1B72EAC700A8EB7F /* Padding.swift */ = {isa = PBXFileReference; fileEncoding = 4; lastKnownFileType = sourcecode.swift; path = Padding.swift; sourceTree = "<group>"; };
		E0B66B0C1B72EAC700A8EB7F /* PKCS5.swift */ = {isa = PBXFileReference; fileEncoding = 4; lastKnownFileType = sourcecode.swift; path = PKCS5.swift; sourceTree = "<group>"; };
		E0B66B0D1B72EAC700A8EB7F /* PKCS7.swift */ = {isa = PBXFileReference; fileEncoding = 4; lastKnownFileType = sourcecode.swift; path = PKCS7.swift; sourceTree = "<group>"; };
		E0B66B0E1B72EAC700A8EB7F /* Poly1305.swift */ = {isa = PBXFileReference; fileEncoding = 4; lastKnownFileType = sourcecode.swift; path = Poly1305.swift; sourceTree = "<group>"; };
		E0B66B0F1B72EAC700A8EB7F /* SHA1.swift */ = {isa = PBXFileReference; fileEncoding = 4; lastKnownFileType = sourcecode.swift; path = SHA1.swift; sourceTree = "<group>"; };
		E0B66B101B72EAC700A8EB7F /* SHA2.swift */ = {isa = PBXFileReference; fileEncoding = 4; lastKnownFileType = sourcecode.swift; path = SHA2.swift; sourceTree = "<group>"; };
		E0B66B111B72EAC700A8EB7F /* StringExtension.swift */ = {isa = PBXFileReference; fileEncoding = 4; lastKnownFileType = sourcecode.swift; path = StringExtension.swift; sourceTree = "<group>"; };
		E0B66B121B72EAC700A8EB7F /* UInt16Extension.swift */ = {isa = PBXFileReference; fileEncoding = 4; lastKnownFileType = sourcecode.swift; path = UInt16Extension.swift; sourceTree = "<group>"; };
		E0B66B131B72EAC700A8EB7F /* UInt32Extension.swift */ = {isa = PBXFileReference; fileEncoding = 4; lastKnownFileType = sourcecode.swift; path = UInt32Extension.swift; sourceTree = "<group>"; };
		E0B66B141B72EAC700A8EB7F /* UInt64Extension.swift */ = {isa = PBXFileReference; fileEncoding = 4; lastKnownFileType = sourcecode.swift; path = UInt64Extension.swift; sourceTree = "<group>"; };
		E0B66B151B72EAC700A8EB7F /* UInt8Extension.swift */ = {isa = PBXFileReference; fileEncoding = 4; lastKnownFileType = sourcecode.swift; path = UInt8Extension.swift; sourceTree = "<group>"; };
		E0B66B161B72EAC700A8EB7F /* Utils.swift */ = {isa = PBXFileReference; fileEncoding = 4; lastKnownFileType = sourcecode.swift; path = Utils.swift; sourceTree = "<group>"; };
		E35CD20E2132F864F10654AE /* Pods_lib.framework */ = {isa = PBXFileReference; explicitFileType = wrapper.framework; includeInIndex = 0; path = Pods_lib.framework; sourceTree = BUILT_PRODUCTS_DIR; };
/* End PBXFileReference section */

/* Begin PBXFrameworksBuildPhase section */
		E0312D1F1B5DBC4100E788DE /* Frameworks */ = {
			isa = PBXFrameworksBuildPhase;
			buildActionMask = 2147483647;
			files = (
				9041906614A1A19732ED5150 /* Pods_lib.framework in Frameworks */,
			);
			runOnlyForDeploymentPostprocessing = 0;
		};
/* End PBXFrameworksBuildPhase section */

/* Begin PBXGroup section */
		00AC593A28A57BD6BD2F7581 /* Frameworks */ = {
			isa = PBXGroup;
			children = (
				E0B66A661B72E2BD00A8EB7F /* CryptoSwift.framework */,
				E0B66A641B72E2A600A8EB7F /* CryptoTokenKit.framework */,
				E0ADEDC61B69A548009ADB8F /* lib-Bridging-Header.h */,
				E35CD20E2132F864F10654AE /* Pods_lib.framework */,
			);
			name = Frameworks;
			sourceTree = "<group>";
		};
		1225F5BF25BB0B0CEC699BD3 /* Pods */ = {
			isa = PBXGroup;
			children = (
				31FD951EA9CEB906DC6D8CB2 /* Pods-lib.debug.xcconfig */,
				BAA7AC6EABF4A72AE237659A /* Pods-lib.release.xcconfig */,
			);
			name = Pods;
			sourceTree = "<group>";
		};
		E0312D191B5DBC4100E788DE = {
			isa = PBXGroup;
			children = (
				E0ADEDC51B69A2BC009ADB8F /* lib */,
				E0312D2C1B5DBC5E00E788DE /* main.swift */,
				E0312D2E1B5DBC8D00E788DE /* core */,
				E0312D2F1B5DBCBD00E788DE /* http */,
				E0312D301B5DBCBD00E788DE /* platform */,
				E0312D311B5DBCBD00E788DE /* subscription */,
				E0312D231B5DBC4100E788DE /* Products */,
				1225F5BF25BB0B0CEC699BD3 /* Pods */,
				00AC593A28A57BD6BD2F7581 /* Frameworks */,
			);
			sourceTree = "<group>";
		};
		E0312D231B5DBC4100E788DE /* Products */ = {
			isa = PBXGroup;
			children = (
				E0312D221B5DBC4100E788DE /* lib */,
			);
			name = Products;
			sourceTree = "<group>";
		};
		E0312D2E1B5DBC8D00E788DE /* core */ = {
			isa = PBXGroup;
			children = (
				E0312D321B5DBD0400E788DE /* SDK.swift */,
			);
			path = core;
			sourceTree = "<group>";
		};
		E0312D2F1B5DBCBD00E788DE /* http */ = {
			isa = PBXGroup;
			children = (
				E0312D3A1B5DBDCF00E788DE /* Headers.swift */,
				E0312D381B5DBDC600E788DE /* Request.swift */,
				E0312D3C1B5DBDD700E788DE /* Response.swift */,
			);
			path = http;
			sourceTree = "<group>";
		};
		E0312D301B5DBCBD00E788DE /* platform */ = {
			isa = PBXGroup;
			children = (
				E0312D341B5DBD3100E788DE /* Platform.swift */,
				E0312D361B5DBD3800E788DE /* Auth.swift */,
			);
			path = platform;
			sourceTree = "<group>";
		};
		E0312D311B5DBCBD00E788DE /* subscription */ = {
			isa = PBXGroup;
			children = (
				E0B66AF81B72EAC700A8EB7F /* crypt */,
				E0312D3E1B5DBE0E00E788DE /* Subscription.swift */,
			);
			path = subscription;
			sourceTree = "<group>";
		};
		E0ADEDC51B69A2BC009ADB8F /* lib */ = {
			isa = PBXGroup;
			children = (
			);
			name = lib;
			sourceTree = "<group>";
		};
		E0B66AF81B72EAC700A8EB7F /* crypt */ = {
			isa = PBXGroup;
			children = (
				E0B66AF91B72EAC700A8EB7F /* AES.swift */,
				E0B66AFA1B72EAC700A8EB7F /* ArrayExtension.swift */,
				E0B66AFB1B72EAC700A8EB7F /* Authenticator.swift */,
				E0B66AFC1B72EAC700A8EB7F /* BitExtension.swift */,
				E0B66AFD1B72EAC700A8EB7F /* ChaCha20.swift */,
				E0B66AFE1B72EAC700A8EB7F /* Cipher.swift */,
				E0B66AFF1B72EAC700A8EB7F /* CipherBlockMode.swift */,
				E0B66B001B72EAC700A8EB7F /* CRC.swift */,
				E0B66B011B72EAC700A8EB7F /* Generics.swift */,
				E0B66B021B72EAC700A8EB7F /* Hash.swift */,
				E0B66B031B72EAC700A8EB7F /* HashBase.swift */,
				E0B66B041B72EAC700A8EB7F /* HMAC.swift */,
				E0B66B051B72EAC700A8EB7F /* IntegerConvertible.swift */,
				E0B66B061B72EAC700A8EB7F /* IntExtension.swift */,
				E0B66B081B72EAC700A8EB7F /* MD5.swift */,
				E0B66B091B72EAC700A8EB7F /* NSDataExtension.swift */,
				E0B66B0A1B72EAC700A8EB7F /* Operators.swift */,
				E0B66B0B1B72EAC700A8EB7F /* Padding.swift */,
				E0B66B0C1B72EAC700A8EB7F /* PKCS5.swift */,
				E0B66B0D1B72EAC700A8EB7F /* PKCS7.swift */,
				E0B66B0E1B72EAC700A8EB7F /* Poly1305.swift */,
				E0B66B0F1B72EAC700A8EB7F /* SHA1.swift */,
				E0B66B101B72EAC700A8EB7F /* SHA2.swift */,
				E0B66B111B72EAC700A8EB7F /* StringExtension.swift */,
				E0B66B121B72EAC700A8EB7F /* UInt16Extension.swift */,
				E0B66B131B72EAC700A8EB7F /* UInt32Extension.swift */,
				E0B66B141B72EAC700A8EB7F /* UInt64Extension.swift */,
				E0B66B151B72EAC700A8EB7F /* UInt8Extension.swift */,
				E0B66B161B72EAC700A8EB7F /* Utils.swift */,
			);
			path = crypt;
			sourceTree = "<group>";
		};
/* End PBXGroup section */

/* Begin PBXNativeTarget section */
		E0312D211B5DBC4100E788DE /* lib */ = {
			isa = PBXNativeTarget;
			buildConfigurationList = E0312D291B5DBC4100E788DE /* Build configuration list for PBXNativeTarget "lib" */;
			buildPhases = (
				C86944BE525F285C5A67C399 /* Check Pods Manifest.lock */,
				E0312D1E1B5DBC4100E788DE /* Sources */,
				E0312D1F1B5DBC4100E788DE /* Frameworks */,
				3D3B7C92833DBD18F6E162C7 /* Copy Pods Resources */,
				E0B66A681B72E30900A8EB7F /* Copy Files */,
			);
			buildRules = (
			);
			dependencies = (
			);
			name = lib;
			productName = lib;
			productReference = E0312D221B5DBC4100E788DE /* lib */;
			productType = "com.apple.product-type.tool";
		};
/* End PBXNativeTarget section */

/* Begin PBXProject section */
		E0312D1A1B5DBC4100E788DE /* Project object */ = {
			isa = PBXProject;
			attributes = {
				LastUpgradeCheck = 0630;
				ORGANIZATIONNAME = "Vincent Tseng";
				TargetAttributes = {
					E0312D211B5DBC4100E788DE = {
						CreatedOnToolsVersion = 6.3.2;
					};
				};
			};
			buildConfigurationList = E0312D1D1B5DBC4100E788DE /* Build configuration list for PBXProject "lib" */;
			compatibilityVersion = "Xcode 3.2";
			developmentRegion = English;
			hasScannedForEncodings = 0;
			knownRegions = (
				en,
			);
			mainGroup = E0312D191B5DBC4100E788DE;
			productRefGroup = E0312D231B5DBC4100E788DE /* Products */;
			projectDirPath = "";
			projectRoot = "";
			targets = (
				E0312D211B5DBC4100E788DE /* lib */,
			);
		};
/* End PBXProject section */

/* Begin PBXShellScriptBuildPhase section */
		3D3B7C92833DBD18F6E162C7 /* Copy Pods Resources */ = {
			isa = PBXShellScriptBuildPhase;
			buildActionMask = 2147483647;
			files = (
			);
			inputPaths = (
			);
			name = "Copy Pods Resources";
			outputPaths = (
			);
			runOnlyForDeploymentPostprocessing = 0;
			shellPath = /bin/sh;
			shellScript = "\"${SRCROOT}/Pods/Target Support Files/Pods-lib/Pods-lib-resources.sh\"\n";
			showEnvVarsInLog = 0;
		};
		C86944BE525F285C5A67C399 /* Check Pods Manifest.lock */ = {
			isa = PBXShellScriptBuildPhase;
			buildActionMask = 2147483647;
			files = (
			);
			inputPaths = (
			);
			name = "Check Pods Manifest.lock";
			outputPaths = (
			);
			runOnlyForDeploymentPostprocessing = 0;
			shellPath = /bin/sh;
			shellScript = "diff \"${PODS_ROOT}/../Podfile.lock\" \"${PODS_ROOT}/Manifest.lock\" > /dev/null\nif [[ $? != 0 ]] ; then\n    cat << EOM\nerror: The sandbox is not in sync with the Podfile.lock. Run 'pod install' or update your CocoaPods installation.\nEOM\n    exit 1\nfi\n";
			showEnvVarsInLog = 0;
		};
/* End PBXShellScriptBuildPhase section */

/* Begin PBXSourcesBuildPhase section */
		E0312D1E1B5DBC4100E788DE /* Sources */ = {
			isa = PBXSourcesBuildPhase;
			buildActionMask = 2147483647;
			files = (
				E0B66B2C1B72EAC700A8EB7F /* Poly1305.swift in Sources */,
				E0312D351B5DBD3100E788DE /* Platform.swift in Sources */,
				E0B66B1A1B72EAC700A8EB7F /* BitExtension.swift in Sources */,
				E0B66B331B72EAC700A8EB7F /* UInt8Extension.swift in Sources */,
				E0B66B321B72EAC700A8EB7F /* UInt64Extension.swift in Sources */,
				E0B66B261B72EAC700A8EB7F /* MD5.swift in Sources */,
				E0B66B231B72EAC700A8EB7F /* IntegerConvertible.swift in Sources */,
				E0B66B1C1B72EAC700A8EB7F /* Cipher.swift in Sources */,
				E0B66B271B72EAC700A8EB7F /* NSDataExtension.swift in Sources */,
				E0B66B1D1B72EAC700A8EB7F /* CipherBlockMode.swift in Sources */,
				E0B66B241B72EAC700A8EB7F /* IntExtension.swift in Sources */,
				E0B66B301B72EAC700A8EB7F /* UInt16Extension.swift in Sources */,
				E0B66B281B72EAC700A8EB7F /* Operators.swift in Sources */,
				E0B66B1F1B72EAC700A8EB7F /* Generics.swift in Sources */,
				E0B66B291B72EAC700A8EB7F /* Padding.swift in Sources */,
				E0B66B2A1B72EAC700A8EB7F /* PKCS5.swift in Sources */,
				E0B66B341B72EAC700A8EB7F /* Utils.swift in Sources */,
				E0B66B191B72EAC700A8EB7F /* Authenticator.swift in Sources */,
				E0B66B221B72EAC700A8EB7F /* HMAC.swift in Sources */,
				E0312D331B5DBD0400E788DE /* SDK.swift in Sources */,
				E0B66B201B72EAC700A8EB7F /* Hash.swift in Sources */,
				E0312D3F1B5DBE0E00E788DE /* Subscription.swift in Sources */,
				E0B66B311B72EAC700A8EB7F /* UInt32Extension.swift in Sources */,
				E0B66B2E1B72EAC700A8EB7F /* SHA2.swift in Sources */,
				E0B66B2F1B72EAC700A8EB7F /* StringExtension.swift in Sources */,
				E0B66B211B72EAC700A8EB7F /* HashBase.swift in Sources */,
				E0B66B2B1B72EAC700A8EB7F /* PKCS7.swift in Sources */,
				E0312D3B1B5DBDCF00E788DE /* Headers.swift in Sources */,
				E0B66B1B1B72EAC700A8EB7F /* ChaCha20.swift in Sources */,
				E0312D391B5DBDC600E788DE /* Request.swift in Sources */,
				E0B66B181B72EAC700A8EB7F /* ArrayExtension.swift in Sources */,
				E0312D2D1B5DBC5E00E788DE /* main.swift in Sources */,
				E0B66B1E1B72EAC700A8EB7F /* CRC.swift in Sources */,
				E0312D371B5DBD3800E788DE /* Auth.swift in Sources */,
				E0B66B2D1B72EAC700A8EB7F /* SHA1.swift in Sources */,
				E0B66B171B72EAC700A8EB7F /* AES.swift in Sources */,
				E0312D3D1B5DBDD700E788DE /* Response.swift in Sources */,
			);
			runOnlyForDeploymentPostprocessing = 0;
		};
/* End PBXSourcesBuildPhase section */

/* Begin XCBuildConfiguration section */
		E0312D271B5DBC4100E788DE /* Debug */ = {
			isa = XCBuildConfiguration;
			buildSettings = {
				ALWAYS_SEARCH_USER_PATHS = NO;
				CLANG_CXX_LANGUAGE_STANDARD = "gnu++0x";
				CLANG_CXX_LIBRARY = "libc++";
				CLANG_ENABLE_MODULES = YES;
				CLANG_ENABLE_OBJC_ARC = YES;
				CLANG_WARN_BOOL_CONVERSION = YES;
				CLANG_WARN_CONSTANT_CONVERSION = YES;
				CLANG_WARN_DIRECT_OBJC_ISA_USAGE = YES_ERROR;
				CLANG_WARN_EMPTY_BODY = YES;
				CLANG_WARN_ENUM_CONVERSION = YES;
				CLANG_WARN_INT_CONVERSION = YES;
				CLANG_WARN_OBJC_ROOT_CLASS = YES_ERROR;
				CLANG_WARN_UNREACHABLE_CODE = YES;
				CLANG_WARN__DUPLICATE_METHOD_MATCH = YES;
				COPY_PHASE_STRIP = NO;
				DEBUG_INFORMATION_FORMAT = dwarf;
				ENABLE_STRICT_OBJC_MSGSEND = YES;
				GCC_C_LANGUAGE_STANDARD = gnu99;
				GCC_DYNAMIC_NO_PIC = NO;
				GCC_NO_COMMON_BLOCKS = YES;
				GCC_OPTIMIZATION_LEVEL = 0;
				GCC_PREPROCESSOR_DEFINITIONS = (
					"DEBUG=1",
					"$(inherited)",
				);
				GCC_SYMBOLS_PRIVATE_EXTERN = NO;
				GCC_WARN_64_TO_32_BIT_CONVERSION = YES;
				GCC_WARN_ABOUT_RETURN_TYPE = YES_ERROR;
				GCC_WARN_UNDECLARED_SELECTOR = YES;
				GCC_WARN_UNINITIALIZED_AUTOS = YES_AGGRESSIVE;
				GCC_WARN_UNUSED_FUNCTION = YES;
				GCC_WARN_UNUSED_VARIABLE = YES;
				MACOSX_DEPLOYMENT_TARGET = 10.10;
				MTL_ENABLE_DEBUG_INFO = YES;
				ONLY_ACTIVE_ARCH = YES;
				SDKROOT = macosx;
				SWIFT_OPTIMIZATION_LEVEL = "-Onone";
			};
			name = Debug;
		};
		E0312D281B5DBC4100E788DE /* Release */ = {
			isa = XCBuildConfiguration;
			buildSettings = {
				ALWAYS_SEARCH_USER_PATHS = NO;
				CLANG_CXX_LANGUAGE_STANDARD = "gnu++0x";
				CLANG_CXX_LIBRARY = "libc++";
				CLANG_ENABLE_MODULES = YES;
				CLANG_ENABLE_OBJC_ARC = YES;
				CLANG_WARN_BOOL_CONVERSION = YES;
				CLANG_WARN_CONSTANT_CONVERSION = YES;
				CLANG_WARN_DIRECT_OBJC_ISA_USAGE = YES_ERROR;
				CLANG_WARN_EMPTY_BODY = YES;
				CLANG_WARN_ENUM_CONVERSION = YES;
				CLANG_WARN_INT_CONVERSION = YES;
				CLANG_WARN_OBJC_ROOT_CLASS = YES_ERROR;
				CLANG_WARN_UNREACHABLE_CODE = YES;
				CLANG_WARN__DUPLICATE_METHOD_MATCH = YES;
				COPY_PHASE_STRIP = NO;
				DEBUG_INFORMATION_FORMAT = "dwarf-with-dsym";
				ENABLE_NS_ASSERTIONS = NO;
				ENABLE_STRICT_OBJC_MSGSEND = YES;
				GCC_C_LANGUAGE_STANDARD = gnu99;
				GCC_NO_COMMON_BLOCKS = YES;
				GCC_WARN_64_TO_32_BIT_CONVERSION = YES;
				GCC_WARN_ABOUT_RETURN_TYPE = YES_ERROR;
				GCC_WARN_UNDECLARED_SELECTOR = YES;
				GCC_WARN_UNINITIALIZED_AUTOS = YES_AGGRESSIVE;
				GCC_WARN_UNUSED_FUNCTION = YES;
				GCC_WARN_UNUSED_VARIABLE = YES;
				MACOSX_DEPLOYMENT_TARGET = 10.10;
				MTL_ENABLE_DEBUG_INFO = NO;
				SDKROOT = macosx;
			};
			name = Release;
		};
		E0312D2A1B5DBC4100E788DE /* Debug */ = {
			isa = XCBuildConfiguration;
			baseConfigurationReference = 31FD951EA9CEB906DC6D8CB2 /* Pods-lib.debug.xcconfig */;
			buildSettings = {
				CLANG_ENABLE_MODULES = YES;
				FRAMEWORK_SEARCH_PATHS = (
					"$(inherited)",
					"$(USER_LIBRARY_DIR)/Developer/Xcode/DerivedData/lib-gcqzleazyubhgqekdwrdragwauor/Build/Products/Debug",
				);
				LD_RUNPATH_SEARCH_PATHS = "$(inherited) @executable_path/../Frameworks @loader_path/../Frameworks";
				PRODUCT_NAME = "$(TARGET_NAME)";
				SWIFT_OBJC_BRIDGING_HEADER = "lib-Bridging-Header.h";
				SWIFT_OPTIMIZATION_LEVEL = "-Onone";
			};
			name = Debug;
		};
		E0312D2B1B5DBC4100E788DE /* Release */ = {
			isa = XCBuildConfiguration;
			baseConfigurationReference = BAA7AC6EABF4A72AE237659A /* Pods-lib.release.xcconfig */;
			buildSettings = {
				CLANG_ENABLE_MODULES = YES;
				FRAMEWORK_SEARCH_PATHS = (
					"$(inherited)",
					"$(USER_LIBRARY_DIR)/Developer/Xcode/DerivedData/lib-gcqzleazyubhgqekdwrdragwauor/Build/Products/Debug",
				);
				LD_RUNPATH_SEARCH_PATHS = "$(inherited) @executable_path/../Frameworks @loader_path/../Frameworks";
				PRODUCT_NAME = "$(TARGET_NAME)";
				SWIFT_OBJC_BRIDGING_HEADER = "lib-Bridging-Header.h";
			};
			name = Release;
		};
/* End XCBuildConfiguration section */

/* Begin XCConfigurationList section */
		E0312D1D1B5DBC4100E788DE /* Build configuration list for PBXProject "lib" */ = {
			isa = XCConfigurationList;
			buildConfigurations = (
				E0312D271B5DBC4100E788DE /* Debug */,
				E0312D281B5DBC4100E788DE /* Release */,
			);
			defaultConfigurationIsVisible = 0;
			defaultConfigurationName = Release;
		};
		E0312D291B5DBC4100E788DE /* Build configuration list for PBXNativeTarget "lib" */ = {
			isa = XCConfigurationList;
			buildConfigurations = (
				E0312D2A1B5DBC4100E788DE /* Debug */,
				E0312D2B1B5DBC4100E788DE /* Release */,
			);
			defaultConfigurationIsVisible = 0;
			defaultConfigurationName = Release;
		};
/* End XCConfigurationList section */
	};
	rootObject = E0312D1A1B5DBC4100E788DE /* Project object */;
}
